PODS:
  - FlexboxCanvas (0.2.1):
    - FlexboxCanvas/ElementBuilder_TBXML_1_5 (= 0.2.1)
    - FlexboxCanvas/Foundation (= 0.2.1)
    - FlexboxCanvas/Node_Yoga_1_14 (= 0.2.1)
  - FlexboxCanvas/ElementBuilder_TBXML_1_5 (0.2.1):
    - FlexboxCanvas/Foundation
    - TBXML (~> 1.5)
  - FlexboxCanvas/Foundation (0.2.1):
    - SDWebImage
  - FlexboxCanvas/Node_Yoga_1_14 (0.2.1):
    - FlexboxCanvas/Foundation
    - Yoga (~> 1.14)
  - SDWebImage (5.9.5):
    - SDWebImage/Core (= 5.9.5)
  - SDWebImage/Core (5.9.5)
  - TBXML (1.5)
  - Yoga (1.14.0)

DEPENDENCIES:
  - FlexboxCanvas (from `../`)

SPEC REPOS:
  trunk:
    - SDWebImage
    - TBXML
    - Yoga

EXTERNAL SOURCES:
  FlexboxCanvas:
    :path: "../"

SPEC CHECKSUMS:
  FlexboxCanvas: 14f1defa3e73337d52aa1c895059f52cfa85051e
  SDWebImage: 0b2ba0d56479bf6a45ecddbfd5558bea93150d25
  TBXML: 9f9dadb239f2f2af1dadb87fe43a0ce6e479379a
  Yoga: cff67a400f6b74dc38eb0bad4f156673d9aa980c

PODFILE CHECKSUM: 60cf8ab736c9980dc9aef8cb49207109a9b6f469

COCOAPODS: 1.9.1
